
Microsoft Visual Studio Solution File, Format Version 12.00
# Visual Studio Version 16
VisualStudioVersion = 16.0.29503.13
MinimumVisualStudioVersion = 10.0.40219.1
Project("{9A19103F-16F7-4668-BE54-9A1E7A4F7556}") = "CareerCloud.Pocos", "CareerCloud.Pocos\CareerCloud.Pocos.csproj", "{AE3DA5E9-B401-4C5B-B544-F25588D17B23}"
EndProject
Project("{9A19103F-16F7-4668-BE54-9A1E7A4F7556}") = "CareerCloudCore.UnitTests.Assignment1", "CareerCloudCore.UnitTests.Assignment1\CareerCloudCore.UnitTests.Assignment1.csproj", "{BB241047-D15B-4E1C-9572-1CF6CC45C4F6}"
EndProject
Global
	GlobalSection(SolutionConfigurationPlatforms) = preSolution
		Debug|Any CPU = Debug|Any CPU
		Release|Any CPU = Release|Any CPU
	EndGlobalSection
	GlobalSection(ProjectConfigurationPlatforms) = postSolution
		{AE3DA5E9-B401-4C5B-B544-F25588D17B23}.Debug|Any CPU.ActiveCfg = Debug|Any CPU
		{AE3DA5E9-B401-4C5B-B544-F25588D17B23}.Debug|Any CPU.Build.0 = Debug|Any CPU
		{AE3DA5E9-B401-4C5B-B544-F25588D17B23}.Release|Any CPU.ActiveCfg = Release|Any CPU
		{AE3DA5E9-B401-4C5B-B544-F25588D17B23}.Release|Any CPU.Build.0 = Release|Any CPU
		{BB241047-D15B-4E1C-9572-1CF6CC45C4F6}.Debug|Any CPU.ActiveCfg = Debug|Any CPU
		{BB241047-D15B-4E1C-9572-1CF6CC45C4F6}.Debug|Any CPU.Build.0 = Debug|Any CPU
		{BB241047-D15B-4E1C-9572-1CF6CC45C4F6}.Release|Any CPU.ActiveCfg = Release|Any CPU
		{BB241047-D15B-4E1C-9572-1CF6CC45C4F6}.Release|Any CPU.Build.0 = Release|Any CPU
	EndGlobalSection
	GlobalSection(SolutionProperties) = preSolution
		HideSolutionNode = FALSE
	EndGlobalSection
	GlobalSection(ExtensibilityGlobals) = postSolution
		SolutionGuid = {FAF03A51-9F15-4E84-8457-E76FAC76421B}
	EndGlobalSection
EndGlobal
